
Microsoft Visual Studio Solution File, Format Version 12.00
# Visual Studio 14
VisualStudioVersion = 14.0.25420.1
MinimumVisualStudioVersion = 10.0.40219.1
Project("{151D2E53-A2C4-4D7D-83FE-D05416EBD58E}") = "minecraft-on-ubuntu", "minecraft-on-ubuntu\minecraft-on-ubuntu.deployproj", "{05018780-3E96-47FF-BFE9-433F7C35B1A3}"
EndProject
Global
	GlobalSection(SolutionConfigurationPlatforms) = preSolution
		Debug|Any CPU = Debug|Any CPU
		Release|Any CPU = Release|Any CPU
	EndGlobalSection
	GlobalSection(ProjectConfigurationPlatforms) = postSolution
		{05018780-3E96-47FF-BFE9-433F7C35B1A3}.Debug|Any CPU.ActiveCfg = Debug|Any CPU
		{05018780-3E96-47FF-BFE9-433F7C35B1A3}.Debug|Any CPU.Build.0 = Debug|Any CPU
		{05018780-3E96-47FF-BFE9-433F7C35B1A3}.Release|Any CPU.ActiveCfg = Release|Any CPU
		{05018780-3E96-47FF-BFE9-433F7C35B1A3}.Release|Any CPU.Build.0 = Release|Any CPU
	EndGlobalSection
	GlobalSection(SolutionProperties) = preSolution
		HideSolutionNode = FALSE
	EndGlobalSection
EndGlobal
